
Microsoft Visual Studio Solution File, Format Version 12.00
# Visual Studio 14
VisualStudioVersion = 14.0.24720.0
MinimumVisualStudioVersion = 10.0.40219.1
Project("{FAE04EC0-301F-11D3-BF4B-00C04F79EFBC}") = "Andl", "Andl\Andl.csproj", "{F39DE339-E33E-46AB-B6ED-01AFD3ECF821}"
EndProject
Project("{2150E333-8FDC-42A3-9474-1A3956D46DE8}") = "Solution Items", "Solution Items", "{B8BDB516-8721-4448-AA66-FEA391AF9ABF}"
	ProjectSection(SolutionItems) = preProject
		build-rls.bat = build-rls.bat
		Readme.txt = Readme.txt
		setvars.bat = setvars.bat
	EndProjectSection
EndProject
Project("{FAE04EC0-301F-11D3-BF4B-00C04F79EFBC}") = "Andl.Runtime", "Andl.Runtime\Andl.Runtime.csproj", "{C7D6D0E8-DC93-4D12-B580-34D09E284873}"
EndProject
Project("{FAE04EC0-301F-11D3-BF4B-00C04F79EFBC}") = "Andl.Sqlite", "Andl.Sqlite\Andl.Sqlite.csproj", "{E4992699-B0DC-4C46-B4B2-39D06C1BC5E3}"
EndProject
Project("{FAE04EC0-301F-11D3-BF4B-00C04F79EFBC}") = "Andl.Server", "Andl.Server\Andl.Server.csproj", "{D32A8723-1043-40B4-9ABE-84D6AC33918D}"
EndProject
Project("{FAE04EC0-301F-11D3-BF4B-00C04F79EFBC}") = "Andl.Run", "Andl.Run\Andl.Run.csproj", "{EB42863F-8448-46BE-8FE1-4E39FD68F794}"
EndProject
Project("{FAE04EC0-301F-11D3-BF4B-00C04F79EFBC}") = "Andl.Host", "Andl.Host\Andl.Host.csproj", "{0434A11B-E1BE-4023-999F-F44A072CB4D0}"
EndProject
Project("{FAE04EC0-301F-11D3-BF4B-00C04F79EFBC}") = "Andl.Client", "Andl.Client\Andl.Client.csproj", "{66AC8132-3901-4F09-8A6A-0BCF08B27FD0}"
EndProject
Project("{FAE04EC0-301F-11D3-BF4B-00C04F79EFBC}") = "Andl.Thrift", "Andl.Thrift\Andl.Thrift.csproj", "{360CD9B1-360A-4735-80E6-2A6F3F6B1D2C}"
EndProject
Project("{2150E333-8FDC-42A3-9474-1A3956D46DE8}") = "Test", "Test", "{4C7FFE8E-722C-4667-8EA1-C6B3FC937106}"
	ProjectSection(SolutionItems) = preProject
		Test\runsuite.bat = Test\runsuite.bat
		Test\SetupSuite.andl = Test\SetupSuite.andl
		Test\SuiteBasic.andl = Test\SuiteBasic.andl
		Test\SuiteDefer.andl = Test\SuiteDefer.andl
		Test\SuiteRelBasic.andl = Test\SuiteRelBasic.andl
		Test\SuiteRelDyadic.andl = Test\SuiteRelDyadic.andl
		Test\SuiteRelFold.andl = Test\SuiteRelFold.andl
		Test\SuiteRelNest.andl = Test\SuiteRelNest.andl
		Test\SuiteRelOrder.andl = Test\SuiteRelOrder.andl
		Test\SuiteRelWhile.andl = Test\SuiteRelWhile.andl
		Test\SuiteUpdateCat1.andl = Test\SuiteUpdateCat1.andl
		Test\SuiteUpdateCat2.andl = Test\SuiteUpdateCat2.andl
		Test\SupplierData.andl = Test\SupplierData.andl
	EndProjectSection
EndProject
Project("{FAE04EC0-301F-11D3-BF4B-00C04F79EFBC}") = "Andl.Peg", "Andl.Peg\Andl.Peg.csproj", "{29813458-2C61-4D97-BD9C-857E35985A6C}"
EndProject
Project("{FAE04EC0-301F-11D3-BF4B-00C04F79EFBC}") = "Andl.Gateway", "Andl.Gateway\Andl.Gateway.csproj", "{1201FEFF-69FC-4720-8B03-059697B41ED3}"
EndProject
Project("{FAE04EC0-301F-11D3-BF4B-00C04F79EFBC}") = "Andl.Workbench", "Andl.Workbench\Andl.Workbench.csproj", "{7CAA8FA0-A35A-4036-878A-A42C9FD2C334}"
EndProject
Project("{FAE04EC0-301F-11D3-BF4B-00C04F79EFBC}") = "ThriftTest", "ThriftTest\ThriftTest.csproj", "{5F392292-ABC4-4C27-919E-D3C6DD327A54}"
EndProject
Project("{FAE04EC0-301F-11D3-BF4B-00C04F79EFBC}") = "Andl.Postgres", "Andl.Postgres\Andl.Postgres.csproj", "{7F850100-999D-4D43-9448-FEBF628FB9FB}"
EndProject
Project("{8BC9CEB8-8B4A-11D0-8D11-00A0C91BC942}") = "plandl", "plandl\plandl.vcxproj", "{26E5719B-4B67-4C5B-912C-58E5E12F6AF6}"
EndProject
Project("{FAE04EC0-301F-11D3-BF4B-00C04F79EFBC}") = "Andl.Common", "Andl.Common\Andl.Common.csproj", "{300417D4-DCFA-4F93-BAFB-B9E9E73FBCD6}"
EndProject
Project("{FAE04EC0-301F-11D3-BF4B-00C04F79EFBC}") = "AndlPg", "AndlPg\AndlPg.csproj", "{FBF7D81B-F99F-42EC-B73A-6E78AF87FAB1}"
EndProject
Project("{2150E333-8FDC-42A3-9474-1A3956D46DE8}") = "Sample", "Sample", "{ADA91939-C083-4796-B07B-401B717440CE}"
	ProjectSection(SolutionItems) = preProject
		Sample\100doors.andl = Sample\100doors.andl
		Sample\99bottles.andl = Sample\99bottles.andl
		Sample\chinook.andl = Sample\chinook.andl
		Sample\DbixCdSample.andl = Sample\DbixCdSample.andl
		Sample\family_tree.andl = Sample\family_tree.andl
		Sample\fibonacci.andl = Sample\fibonacci.andl
		Sample\mandelbrot.andl = Sample\mandelbrot.andl
		Sample\recursive.andl = Sample\recursive.andl
		Sample\runsamples.bat = Sample\runsamples.bat
		Sample\sample1.andl = Sample\sample1.andl
		Sample\sample2.andl = Sample\sample2.andl
		Sample\sample3.andl = Sample\sample3.andl
		Sample\sample4.andl = Sample\sample4.andl
		Sample\sample5.andl = Sample\sample5.andl
		Sample\sample6.andl = Sample\sample6.andl
		Sample\setup-chinook.andl = Sample\setup-chinook.andl
		Sample\setup-workbench.andl = Sample\setup-workbench.andl
		Sample\setup.andl = Sample\setup.andl
		Sample\SPPsample1.andl = Sample\SPPsample1.andl
		Sample\sudoku.andl = Sample\sudoku.andl
		Sample\SupplierData.andl = Sample\SupplierData.andl
		Sample\workbench.andl = Sample\workbench.andl
	EndProjectSection
EndProject
Project("{FAE04EC0-301F-11D3-BF4B-00C04F79EFBC}") = "ThriftSupplierPart", "ThriftSupplierPart\ThriftSupplierPart.csproj", "{E1AAE15F-D756-4407-B60C-E9941386DAA2}"
EndProject
Project("{2150E333-8FDC-42A3-9474-1A3956D46DE8}") = "Host", "Host", "{42D4655C-A718-4577-9589-577B335E02B8}"
	ProjectSection(SolutionItems) = preProject
		Host\App.config = Host\App.config
		Host\hostsetup.andl = Host\hostsetup.andl
		Host\Readme.txt = Host\Readme.txt
		Host\run-host.bat = Host\run-host.bat
	EndProjectSection
EndProject

EndProject
Global
	GlobalSection(SolutionConfigurationPlatforms) = preSolution
		Debug|Any CPU = Debug|Any CPU
		Debug|x64 = Debug|x64
		Debug|x86 = Debug|x86
		Release|Any CPU = Release|Any CPU
		Release|x64 = Release|x64
		Release|x86 = Release|x86
	EndGlobalSection
	GlobalSection(ProjectConfigurationPlatforms) = postSolution
		{F39DE339-E33E-46AB-B6ED-01AFD3ECF821}.Debug|Any CPU.ActiveCfg = Debug|Any CPU
		{F39DE339-E33E-46AB-B6ED-01AFD3ECF821}.Debug|Any CPU.Build.0 = Debug|Any CPU
		{F39DE339-E33E-46AB-B6ED-01AFD3ECF821}.Debug|x64.ActiveCfg = Debug|Any CPU
		{F39DE339-E33E-46AB-B6ED-01AFD3ECF821}.Debug|x64.Build.0 = Debug|Any CPU
		{F39DE339-E33E-46AB-B6ED-01AFD3ECF821}.Debug|x86.ActiveCfg = Debug|Any CPU
		{F39DE339-E33E-46AB-B6ED-01AFD3ECF821}.Debug|x86.Build.0 = Debug|Any CPU
		{F39DE339-E33E-46AB-B6ED-01AFD3ECF821}.Release|Any CPU.ActiveCfg = Release|Any CPU
		{F39DE339-E33E-46AB-B6ED-01AFD3ECF821}.Release|Any CPU.Build.0 = Release|Any CPU
		{F39DE339-E33E-46AB-B6ED-01AFD3ECF821}.Release|x64.ActiveCfg = Release|Any CPU
		{F39DE339-E33E-46AB-B6ED-01AFD3ECF821}.Release|x64.Build.0 = Release|Any CPU
		{F39DE339-E33E-46AB-B6ED-01AFD3ECF821}.Release|x86.ActiveCfg = Release|Any CPU
		{F39DE339-E33E-46AB-B6ED-01AFD3ECF821}.Release|x86.Build.0 = Release|Any CPU
		{C7D6D0E8-DC93-4D12-B580-34D09E284873}.Debug|Any CPU.ActiveCfg = Debug|Any CPU
		{C7D6D0E8-DC93-4D12-B580-34D09E284873}.Debug|Any CPU.Build.0 = Debug|Any CPU
		{C7D6D0E8-DC93-4D12-B580-34D09E284873}.Debug|x64.ActiveCfg = Debug|Any CPU
		{C7D6D0E8-DC93-4D12-B580-34D09E284873}.Debug|x64.Build.0 = Debug|Any CPU
		{C7D6D0E8-DC93-4D12-B580-34D09E284873}.Debug|x86.ActiveCfg = Debug|Any CPU
		{C7D6D0E8-DC93-4D12-B580-34D09E284873}.Debug|x86.Build.0 = Debug|Any CPU
		{C7D6D0E8-DC93-4D12-B580-34D09E284873}.Release|Any CPU.ActiveCfg = Release|Any CPU
		{C7D6D0E8-DC93-4D12-B580-34D09E284873}.Release|Any CPU.Build.0 = Release|Any CPU
		{C7D6D0E8-DC93-4D12-B580-34D09E284873}.Release|x64.ActiveCfg = Release|Any CPU
		{C7D6D0E8-DC93-4D12-B580-34D09E284873}.Release|x64.Build.0 = Release|Any CPU
		{C7D6D0E8-DC93-4D12-B580-34D09E284873}.Release|x86.ActiveCfg = Release|Any CPU
		{C7D6D0E8-DC93-4D12-B580-34D09E284873}.Release|x86.Build.0 = Release|Any CPU
		{E4992699-B0DC-4C46-B4B2-39D06C1BC5E3}.Debug|Any CPU.ActiveCfg = Debug|Any CPU
		{E4992699-B0DC-4C46-B4B2-39D06C1BC5E3}.Debug|Any CPU.Build.0 = Debug|Any CPU
		{E4992699-B0DC-4C46-B4B2-39D06C1BC5E3}.Debug|x64.ActiveCfg = Debug|Any CPU
		{E4992699-B0DC-4C46-B4B2-39D06C1BC5E3}.Debug|x64.Build.0 = Debug|Any CPU
		{E4992699-B0DC-4C46-B4B2-39D06C1BC5E3}.Debug|x86.ActiveCfg = Debug|Any CPU
		{E4992699-B0DC-4C46-B4B2-39D06C1BC5E3}.Debug|x86.Build.0 = Debug|Any CPU
		{E4992699-B0DC-4C46-B4B2-39D06C1BC5E3}.Release|Any CPU.ActiveCfg = Release|Any CPU
		{E4992699-B0DC-4C46-B4B2-39D06C1BC5E3}.Release|Any CPU.Build.0 = Release|Any CPU
		{E4992699-B0DC-4C46-B4B2-39D06C1BC5E3}.Release|x64.ActiveCfg = Release|Any CPU
		{E4992699-B0DC-4C46-B4B2-39D06C1BC5E3}.Release|x64.Build.0 = Release|Any CPU
		{E4992699-B0DC-4C46-B4B2-39D06C1BC5E3}.Release|x86.ActiveCfg = Release|Any CPU
		{E4992699-B0DC-4C46-B4B2-39D06C1BC5E3}.Release|x86.Build.0 = Release|Any CPU
		{D32A8723-1043-40B4-9ABE-84D6AC33918D}.Debug|Any CPU.ActiveCfg = Debug|Any CPU
		{D32A8723-1043-40B4-9ABE-84D6AC33918D}.Debug|Any CPU.Build.0 = Debug|Any CPU
		{D32A8723-1043-40B4-9ABE-84D6AC33918D}.Debug|x64.ActiveCfg = Debug|Any CPU
		{D32A8723-1043-40B4-9ABE-84D6AC33918D}.Debug|x64.Build.0 = Debug|Any CPU
		{D32A8723-1043-40B4-9ABE-84D6AC33918D}.Debug|x86.ActiveCfg = Debug|Any CPU
		{D32A8723-1043-40B4-9ABE-84D6AC33918D}.Debug|x86.Build.0 = Debug|Any CPU
		{D32A8723-1043-40B4-9ABE-84D6AC33918D}.Release|Any CPU.ActiveCfg = Release|Any CPU
		{D32A8723-1043-40B4-9ABE-84D6AC33918D}.Release|Any CPU.Build.0 = Release|Any CPU
		{D32A8723-1043-40B4-9ABE-84D6AC33918D}.Release|x64.ActiveCfg = Release|Any CPU
		{D32A8723-1043-40B4-9ABE-84D6AC33918D}.Release|x64.Build.0 = Release|Any CPU
		{D32A8723-1043-40B4-9ABE-84D6AC33918D}.Release|x86.ActiveCfg = Release|Any CPU
		{D32A8723-1043-40B4-9ABE-84D6AC33918D}.Release|x86.Build.0 = Release|Any CPU
		{EB42863F-8448-46BE-8FE1-4E39FD68F794}.Debug|Any CPU.ActiveCfg = Debug|Any CPU
		{EB42863F-8448-46BE-8FE1-4E39FD68F794}.Debug|Any CPU.Build.0 = Debug|Any CPU
		{EB42863F-8448-46BE-8FE1-4E39FD68F794}.Debug|x64.ActiveCfg = Debug|Any CPU
		{EB42863F-8448-46BE-8FE1-4E39FD68F794}.Debug|x64.Build.0 = Debug|Any CPU
		{EB42863F-8448-46BE-8FE1-4E39FD68F794}.Debug|x86.ActiveCfg = Debug|Any CPU
		{EB42863F-8448-46BE-8FE1-4E39FD68F794}.Debug|x86.Build.0 = Debug|Any CPU
		{EB42863F-8448-46BE-8FE1-4E39FD68F794}.Release|Any CPU.ActiveCfg = Release|Any CPU
		{EB42863F-8448-46BE-8FE1-4E39FD68F794}.Release|Any CPU.Build.0 = Release|Any CPU
		{EB42863F-8448-46BE-8FE1-4E39FD68F794}.Release|x64.ActiveCfg = Release|Any CPU
		{EB42863F-8448-46BE-8FE1-4E39FD68F794}.Release|x64.Build.0 = Release|Any CPU
		{EB42863F-8448-46BE-8FE1-4E39FD68F794}.Release|x86.ActiveCfg = Release|Any CPU
		{EB42863F-8448-46BE-8FE1-4E39FD68F794}.Release|x86.Build.0 = Release|Any CPU
		{0434A11B-E1BE-4023-999F-F44A072CB4D0}.Debug|Any CPU.ActiveCfg = Debug|Any CPU
		{0434A11B-E1BE-4023-999F-F44A072CB4D0}.Debug|Any CPU.Build.0 = Debug|Any CPU
		{0434A11B-E1BE-4023-999F-F44A072CB4D0}.Debug|x64.ActiveCfg = Debug|Any CPU
		{0434A11B-E1BE-4023-999F-F44A072CB4D0}.Debug|x64.Build.0 = Debug|Any CPU
		{0434A11B-E1BE-4023-999F-F44A072CB4D0}.Debug|x86.ActiveCfg = Debug|Any CPU
		{0434A11B-E1BE-4023-999F-F44A072CB4D0}.Debug|x86.Build.0 = Debug|Any CPU
		{0434A11B-E1BE-4023-999F-F44A072CB4D0}.Release|Any CPU.ActiveCfg = Release|Any CPU
		{0434A11B-E1BE-4023-999F-F44A072CB4D0}.Release|Any CPU.Build.0 = Release|Any CPU
		{0434A11B-E1BE-4023-999F-F44A072CB4D0}.Release|x64.ActiveCfg = Release|Any CPU
		{0434A11B-E1BE-4023-999F-F44A072CB4D0}.Release|x64.Build.0 = Release|Any CPU
		{0434A11B-E1BE-4023-999F-F44A072CB4D0}.Release|x86.ActiveCfg = Release|Any CPU
		{0434A11B-E1BE-4023-999F-F44A072CB4D0}.Release|x86.Build.0 = Release|Any CPU
		{66AC8132-3901-4F09-8A6A-0BCF08B27FD0}.Debug|Any CPU.ActiveCfg = Debug|Any CPU
		{66AC8132-3901-4F09-8A6A-0BCF08B27FD0}.Debug|Any CPU.Build.0 = Debug|Any CPU
		{66AC8132-3901-4F09-8A6A-0BCF08B27FD0}.Debug|x64.ActiveCfg = Debug|Any CPU
		{66AC8132-3901-4F09-8A6A-0BCF08B27FD0}.Debug|x64.Build.0 = Debug|Any CPU
		{66AC8132-3901-4F09-8A6A-0BCF08B27FD0}.Debug|x86.ActiveCfg = Debug|Any CPU
		{66AC8132-3901-4F09-8A6A-0BCF08B27FD0}.Debug|x86.Build.0 = Debug|Any CPU
		{66AC8132-3901-4F09-8A6A-0BCF08B27FD0}.Release|Any CPU.ActiveCfg = Release|Any CPU
		{66AC8132-3901-4F09-8A6A-0BCF08B27FD0}.Release|Any CPU.Build.0 = Release|Any CPU
		{66AC8132-3901-4F09-8A6A-0BCF08B27FD0}.Release|x64.ActiveCfg = Release|Any CPU
		{66AC8132-3901-4F09-8A6A-0BCF08B27FD0}.Release|x64.Build.0 = Release|Any CPU
		{66AC8132-3901-4F09-8A6A-0BCF08B27FD0}.Release|x86.ActiveCfg = Release|Any CPU
		{66AC8132-3901-4F09-8A6A-0BCF08B27FD0}.Release|x86.Build.0 = Release|Any CPU
		{360CD9B1-360A-4735-80E6-2A6F3F6B1D2C}.Debug|Any CPU.ActiveCfg = Debug|Any CPU
		{360CD9B1-360A-4735-80E6-2A6F3F6B1D2C}.Debug|Any CPU.Build.0 = Debug|Any CPU
		{360CD9B1-360A-4735-80E6-2A6F3F6B1D2C}.Debug|x64.ActiveCfg = Debug|Any CPU
		{360CD9B1-360A-4735-80E6-2A6F3F6B1D2C}.Debug|x64.Build.0 = Debug|Any CPU
		{360CD9B1-360A-4735-80E6-2A6F3F6B1D2C}.Debug|x86.ActiveCfg = Debug|Any CPU
		{360CD9B1-360A-4735-80E6-2A6F3F6B1D2C}.Debug|x86.Build.0 = Debug|Any CPU
		{360CD9B1-360A-4735-80E6-2A6F3F6B1D2C}.Release|Any CPU.ActiveCfg = Release|Any CPU
		{360CD9B1-360A-4735-80E6-2A6F3F6B1D2C}.Release|Any CPU.Build.0 = Release|Any CPU
		{360CD9B1-360A-4735-80E6-2A6F3F6B1D2C}.Release|x64.ActiveCfg = Release|Any CPU
		{360CD9B1-360A-4735-80E6-2A6F3F6B1D2C}.Release|x64.Build.0 = Release|Any CPU
		{360CD9B1-360A-4735-80E6-2A6F3F6B1D2C}.Release|x86.ActiveCfg = Release|Any CPU
		{360CD9B1-360A-4735-80E6-2A6F3F6B1D2C}.Release|x86.Build.0 = Release|Any CPU
		{29813458-2C61-4D97-BD9C-857E35985A6C}.Debug|Any CPU.ActiveCfg = Debug|Any CPU
		{29813458-2C61-4D97-BD9C-857E35985A6C}.Debug|Any CPU.Build.0 = Debug|Any CPU
		{29813458-2C61-4D97-BD9C-857E35985A6C}.Debug|x64.ActiveCfg = Debug|Any CPU
		{29813458-2C61-4D97-BD9C-857E35985A6C}.Debug|x64.Build.0 = Debug|Any CPU
		{29813458-2C61-4D97-BD9C-857E35985A6C}.Debug|x86.ActiveCfg = Debug|Any CPU
		{29813458-2C61-4D97-BD9C-857E35985A6C}.Debug|x86.Build.0 = Debug|Any CPU
		{29813458-2C61-4D97-BD9C-857E35985A6C}.Release|Any CPU.ActiveCfg = Release|Any CPU
		{29813458-2C61-4D97-BD9C-857E35985A6C}.Release|Any CPU.Build.0 = Release|Any CPU
		{29813458-2C61-4D97-BD9C-857E35985A6C}.Release|x64.ActiveCfg = Release|Any CPU
		{29813458-2C61-4D97-BD9C-857E35985A6C}.Release|x64.Build.0 = Release|Any CPU
		{29813458-2C61-4D97-BD9C-857E35985A6C}.Release|x86.ActiveCfg = Release|Any CPU
		{29813458-2C61-4D97-BD9C-857E35985A6C}.Release|x86.Build.0 = Release|Any CPU
		{1201FEFF-69FC-4720-8B03-059697B41ED3}.Debug|Any CPU.ActiveCfg = Debug|Any CPU
		{1201FEFF-69FC-4720-8B03-059697B41ED3}.Debug|Any CPU.Build.0 = Debug|Any CPU
		{1201FEFF-69FC-4720-8B03-059697B41ED3}.Debug|x64.ActiveCfg = Debug|Any CPU
		{1201FEFF-69FC-4720-8B03-059697B41ED3}.Debug|x64.Build.0 = Debug|Any CPU
		{1201FEFF-69FC-4720-8B03-059697B41ED3}.Debug|x86.ActiveCfg = Debug|Any CPU
		{1201FEFF-69FC-4720-8B03-059697B41ED3}.Debug|x86.Build.0 = Debug|Any CPU
		{1201FEFF-69FC-4720-8B03-059697B41ED3}.Release|Any CPU.ActiveCfg = Release|Any CPU
		{1201FEFF-69FC-4720-8B03-059697B41ED3}.Release|Any CPU.Build.0 = Release|Any CPU
		{1201FEFF-69FC-4720-8B03-059697B41ED3}.Release|x64.ActiveCfg = Release|Any CPU
		{1201FEFF-69FC-4720-8B03-059697B41ED3}.Release|x64.Build.0 = Release|Any CPU
		{1201FEFF-69FC-4720-8B03-059697B41ED3}.Release|x86.ActiveCfg = Release|Any CPU
		{1201FEFF-69FC-4720-8B03-059697B41ED3}.Release|x86.Build.0 = Release|Any CPU
		{7CAA8FA0-A35A-4036-878A-A42C9FD2C334}.Debug|Any CPU.ActiveCfg = Debug|Any CPU
		{7CAA8FA0-A35A-4036-878A-A42C9FD2C334}.Debug|Any CPU.Build.0 = Debug|Any CPU
		{7CAA8FA0-A35A-4036-878A-A42C9FD2C334}.Debug|x64.ActiveCfg = Debug|Any CPU
		{7CAA8FA0-A35A-4036-878A-A42C9FD2C334}.Debug|x64.Build.0 = Debug|Any CPU
		{7CAA8FA0-A35A-4036-878A-A42C9FD2C334}.Debug|x86.ActiveCfg = Debug|Any CPU
		{7CAA8FA0-A35A-4036-878A-A42C9FD2C334}.Debug|x86.Build.0 = Debug|Any CPU
		{7CAA8FA0-A35A-4036-878A-A42C9FD2C334}.Release|Any CPU.ActiveCfg = Release|Any CPU
		{7CAA8FA0-A35A-4036-878A-A42C9FD2C334}.Release|Any CPU.Build.0 = Release|Any CPU
		{7CAA8FA0-A35A-4036-878A-A42C9FD2C334}.Release|x64.ActiveCfg = Release|Any CPU
		{7CAA8FA0-A35A-4036-878A-A42C9FD2C334}.Release|x64.Build.0 = Release|Any CPU
		{7CAA8FA0-A35A-4036-878A-A42C9FD2C334}.Release|x86.ActiveCfg = Release|Any CPU
		{7CAA8FA0-A35A-4036-878A-A42C9FD2C334}.Release|x86.Build.0 = Release|Any CPU
		{7F850100-999D-4D43-9448-FEBF628FB9FB}.Debug|Any CPU.ActiveCfg = Debug|Any CPU
		{7F850100-999D-4D43-9448-FEBF628FB9FB}.Debug|Any CPU.Build.0 = Debug|Any CPU
		{7F850100-999D-4D43-9448-FEBF628FB9FB}.Debug|x64.ActiveCfg = Debug|Any CPU
		{7F850100-999D-4D43-9448-FEBF628FB9FB}.Debug|x64.Build.0 = Debug|Any CPU
		{7F850100-999D-4D43-9448-FEBF628FB9FB}.Debug|x86.ActiveCfg = Debug|Any CPU
		{7F850100-999D-4D43-9448-FEBF628FB9FB}.Debug|x86.Build.0 = Debug|Any CPU
		{7F850100-999D-4D43-9448-FEBF628FB9FB}.Release|Any CPU.ActiveCfg = Release|Any CPU
		{7F850100-999D-4D43-9448-FEBF628FB9FB}.Release|Any CPU.Build.0 = Release|Any CPU
		{7F850100-999D-4D43-9448-FEBF628FB9FB}.Release|x64.ActiveCfg = Release|Any CPU
		{7F850100-999D-4D43-9448-FEBF628FB9FB}.Release|x64.Build.0 = Release|Any CPU
		{7F850100-999D-4D43-9448-FEBF628FB9FB}.Release|x86.ActiveCfg = Release|Any CPU
		{7F850100-999D-4D43-9448-FEBF628FB9FB}.Release|x86.Build.0 = Release|Any CPU
		{300417D4-DCFA-4F93-BAFB-B9E9E73FBCD6}.Debug|Any CPU.ActiveCfg = Debug|Any CPU
		{300417D4-DCFA-4F93-BAFB-B9E9E73FBCD6}.Debug|Any CPU.Build.0 = Debug|Any CPU
		{300417D4-DCFA-4F93-BAFB-B9E9E73FBCD6}.Debug|x64.ActiveCfg = Debug|Any CPU
		{300417D4-DCFA-4F93-BAFB-B9E9E73FBCD6}.Debug|x64.Build.0 = Debug|Any CPU
		{300417D4-DCFA-4F93-BAFB-B9E9E73FBCD6}.Debug|x86.ActiveCfg = Debug|Any CPU
		{300417D4-DCFA-4F93-BAFB-B9E9E73FBCD6}.Debug|x86.Build.0 = Debug|Any CPU
		{300417D4-DCFA-4F93-BAFB-B9E9E73FBCD6}.Release|Any CPU.ActiveCfg = Release|Any CPU
		{300417D4-DCFA-4F93-BAFB-B9E9E73FBCD6}.Release|Any CPU.Build.0 = Release|Any CPU
		{300417D4-DCFA-4F93-BAFB-B9E9E73FBCD6}.Release|x64.ActiveCfg = Release|Any CPU
		{300417D4-DCFA-4F93-BAFB-B9E9E73FBCD6}.Release|x64.Build.0 = Release|Any CPU
		{300417D4-DCFA-4F93-BAFB-B9E9E73FBCD6}.Release|x86.ActiveCfg = Release|Any CPU
		{300417D4-DCFA-4F93-BAFB-B9E9E73FBCD6}.Release|x86.Build.0 = Release|Any CPU
		{FBF7D81B-F99F-42EC-B73A-6E78AF87FAB1}.Debug|Any CPU.ActiveCfg = Debug|Any CPU
		{FBF7D81B-F99F-42EC-B73A-6E78AF87FAB1}.Debug|Any CPU.Build.0 = Debug|Any CPU
		{FBF7D81B-F99F-42EC-B73A-6E78AF87FAB1}.Debug|x64.ActiveCfg = Debug|Any CPU
		{FBF7D81B-F99F-42EC-B73A-6E78AF87FAB1}.Debug|x64.Build.0 = Debug|Any CPU
		{FBF7D81B-F99F-42EC-B73A-6E78AF87FAB1}.Debug|x86.ActiveCfg = Debug|Any CPU
		{FBF7D81B-F99F-42EC-B73A-6E78AF87FAB1}.Debug|x86.Build.0 = Debug|Any CPU
		{FBF7D81B-F99F-42EC-B73A-6E78AF87FAB1}.Release|Any CPU.ActiveCfg = Release|Any CPU
		{FBF7D81B-F99F-42EC-B73A-6E78AF87FAB1}.Release|Any CPU.Build.0 = Release|Any CPU
		{FBF7D81B-F99F-42EC-B73A-6E78AF87FAB1}.Release|x64.ActiveCfg = Release|Any CPU
		{FBF7D81B-F99F-42EC-B73A-6E78AF87FAB1}.Release|x64.Build.0 = Release|Any CPU
		{FBF7D81B-F99F-42EC-B73A-6E78AF87FAB1}.Release|x86.ActiveCfg = Release|Any CPU
		{FBF7D81B-F99F-42EC-B73A-6E78AF87FAB1}.Release|x86.Build.0 = Release|Any CPU
		{5F392292-ABC4-4C27-919E-D3C6DD327A54}.Debug|Any CPU.ActiveCfg = Debug|Any CPU
		{5F392292-ABC4-4C27-919E-D3C6DD327A54}.Debug|Any CPU.Build.0 = Debug|Any CPU
		{5F392292-ABC4-4C27-919E-D3C6DD327A54}.Debug|x64.ActiveCfg = Debug|Any CPU
		{5F392292-ABC4-4C27-919E-D3C6DD327A54}.Debug|x64.Build.0 = Debug|Any CPU
		{5F392292-ABC4-4C27-919E-D3C6DD327A54}.Debug|x86.ActiveCfg = Debug|Any CPU
		{5F392292-ABC4-4C27-919E-D3C6DD327A54}.Debug|x86.Build.0 = Debug|Any CPU
		{5F392292-ABC4-4C27-919E-D3C6DD327A54}.Release|Any CPU.ActiveCfg = Release|Any CPU
		{5F392292-ABC4-4C27-919E-D3C6DD327A54}.Release|Any CPU.Build.0 = Release|Any CPU
		{5F392292-ABC4-4C27-919E-D3C6DD327A54}.Release|x64.ActiveCfg = Release|Any CPU
		{5F392292-ABC4-4C27-919E-D3C6DD327A54}.Release|x64.Build.0 = Release|Any CPU
		{5F392292-ABC4-4C27-919E-D3C6DD327A54}.Release|x86.ActiveCfg = Release|Any CPU
		{5F392292-ABC4-4C27-919E-D3C6DD327A54}.Release|x86.Build.0 = Release|Any CPU
		{26E5719B-4B67-4C5B-912C-58E5E12F6AF6}.Debug|Any CPU.ActiveCfg = Debug|x64
		{26E5719B-4B67-4C5B-912C-58E5E12F6AF6}.Debug|Any CPU.Build.0 = Debug|x64
		{26E5719B-4B67-4C5B-912C-58E5E12F6AF6}.Debug|x64.ActiveCfg = Debug|x64
		{26E5719B-4B67-4C5B-912C-58E5E12F6AF6}.Debug|x64.Build.0 = Debug|x64
		{26E5719B-4B67-4C5B-912C-58E5E12F6AF6}.Debug|x86.ActiveCfg = Debug|Win32
		{26E5719B-4B67-4C5B-912C-58E5E12F6AF6}.Debug|x86.Build.0 = Debug|Win32
		{26E5719B-4B67-4C5B-912C-58E5E12F6AF6}.Release|Any CPU.ActiveCfg = Release|Win32
		{26E5719B-4B67-4C5B-912C-58E5E12F6AF6}.Release|x64.ActiveCfg = Release|x64
		{26E5719B-4B67-4C5B-912C-58E5E12F6AF6}.Release|x64.Build.0 = Release|x64
		{26E5719B-4B67-4C5B-912C-58E5E12F6AF6}.Release|x86.ActiveCfg = Release|Win32
		{26E5719B-4B67-4C5B-912C-58E5E12F6AF6}.Release|x86.Build.0 = Release|Win32
		{E1AAE15F-D756-4407-B60C-E9941386DAA2}.Debug|Any CPU.ActiveCfg = Debug|Any CPU
		{E1AAE15F-D756-4407-B60C-E9941386DAA2}.Debug|Any CPU.Build.0 = Debug|Any CPU
		{E1AAE15F-D756-4407-B60C-E9941386DAA2}.Debug|x64.ActiveCfg = Debug|Any CPU
		{E1AAE15F-D756-4407-B60C-E9941386DAA2}.Debug|x64.Build.0 = Debug|Any CPU
		{E1AAE15F-D756-4407-B60C-E9941386DAA2}.Debug|x86.ActiveCfg = Debug|Any CPU
		{E1AAE15F-D756-4407-B60C-E9941386DAA2}.Debug|x86.Build.0 = Debug|Any CPU
		{E1AAE15F-D756-4407-B60C-E9941386DAA2}.Release|Any CPU.ActiveCfg = Release|Any CPU
		{E1AAE15F-D756-4407-B60C-E9941386DAA2}.Release|Any CPU.Build.0 = Release|Any CPU
		{E1AAE15F-D756-4407-B60C-E9941386DAA2}.Release|x64.ActiveCfg = Release|Any CPU
		{E1AAE15F-D756-4407-B60C-E9941386DAA2}.Release|x64.Build.0 = Release|Any CPU
		{E1AAE15F-D756-4407-B60C-E9941386DAA2}.Release|x86.ActiveCfg = Release|Any CPU
		{E1AAE15F-D756-4407-B60C-E9941386DAA2}.Release|x86.Build.0 = Release|Any CPU
	EndGlobalSection
	GlobalSection(SolutionProperties) = preSolution
		HideSolutionNode = FALSE
	EndGlobalSection
EndGlobal
