
Microsoft Visual Studio Solution File, Format Version 12.00
# Visual Studio 2013
VisualStudioVersion = 12.0.31101.0
MinimumVisualStudioVersion = 10.0.40219.1
Project("{FAE04EC0-301F-11D3-BF4B-00C04F79EFBC}") = "Andl", "Andl\Andl.csproj", "{F39DE339-E33E-46AB-B6ED-01AFD3ECF821}"
EndProject
Project("{2150E333-8FDC-42A3-9474-1A3956D46DE8}") = "Solution Items", "Solution Items", "{B8BDB516-8721-4448-AA66-FEA391AF9ABF}"
	ProjectSection(SolutionItems) = preProject
		Readme.txt = Readme.txt
		Sample\test.andl = Sample\test.andl
	EndProjectSection
EndProject
Project("{FAE04EC0-301F-11D3-BF4B-00C04F79EFBC}") = "Andl.Compiler", "Andl.Compiler\Andl.Compiler.csproj", "{C31F55EE-C0B0-4F5D-A84E-E5B466A69276}"
EndProject
Project("{FAE04EC0-301F-11D3-BF4B-00C04F79EFBC}") = "Andl.Runtime", "Andl.Runtime\Andl.Runtime.csproj", "{C7D6D0E8-DC93-4D12-B580-34D09E284873}"
EndProject
Project("{FAE04EC0-301F-11D3-BF4B-00C04F79EFBC}") = "Andl.Sqlite", "Andl.Sqlite\Andl.Sqlite.csproj", "{E4992699-B0DC-4C46-B4B2-39D06C1BC5E3}"
EndProject
Project("{FAE04EC0-301F-11D3-BF4B-00C04F79EFBC}") = "Andl.API", "Andl.API\Andl.API.csproj", "{1201FEFF-69FC-4720-8B03-059697B41ED3}"
EndProject
Project("{FAE04EC0-301F-11D3-BF4B-00C04F79EFBC}") = "Andl.Server", "Andl.Server\Andl.Server.csproj", "{D32A8723-1043-40B4-9ABE-84D6AC33918D}"
EndProject
Project("{FAE04EC0-301F-11D3-BF4B-00C04F79EFBC}") = "Andl.Run", "Andl.Run\Andl.Run.csproj", "{EB42863F-8448-46BE-8FE1-4E39FD68F794}"
EndProject
Global
	GlobalSection(SolutionConfigurationPlatforms) = preSolution
		Debug|Any CPU = Debug|Any CPU
		Release|Any CPU = Release|Any CPU
	EndGlobalSection
	GlobalSection(ProjectConfigurationPlatforms) = postSolution
		{F39DE339-E33E-46AB-B6ED-01AFD3ECF821}.Debug|Any CPU.ActiveCfg = Debug|Any CPU
		{F39DE339-E33E-46AB-B6ED-01AFD3ECF821}.Debug|Any CPU.Build.0 = Debug|Any CPU
		{F39DE339-E33E-46AB-B6ED-01AFD3ECF821}.Release|Any CPU.ActiveCfg = Release|Any CPU
		{F39DE339-E33E-46AB-B6ED-01AFD3ECF821}.Release|Any CPU.Build.0 = Release|Any CPU
		{C31F55EE-C0B0-4F5D-A84E-E5B466A69276}.Debug|Any CPU.ActiveCfg = Debug|Any CPU
		{C31F55EE-C0B0-4F5D-A84E-E5B466A69276}.Debug|Any CPU.Build.0 = Debug|Any CPU
		{C31F55EE-C0B0-4F5D-A84E-E5B466A69276}.Release|Any CPU.ActiveCfg = Release|Any CPU
		{C31F55EE-C0B0-4F5D-A84E-E5B466A69276}.Release|Any CPU.Build.0 = Release|Any CPU
		{C7D6D0E8-DC93-4D12-B580-34D09E284873}.Debug|Any CPU.ActiveCfg = Debug|Any CPU
		{C7D6D0E8-DC93-4D12-B580-34D09E284873}.Debug|Any CPU.Build.0 = Debug|Any CPU
		{C7D6D0E8-DC93-4D12-B580-34D09E284873}.Release|Any CPU.ActiveCfg = Release|Any CPU
		{C7D6D0E8-DC93-4D12-B580-34D09E284873}.Release|Any CPU.Build.0 = Release|Any CPU
		{E4992699-B0DC-4C46-B4B2-39D06C1BC5E3}.Debug|Any CPU.ActiveCfg = Debug|Any CPU
		{E4992699-B0DC-4C46-B4B2-39D06C1BC5E3}.Debug|Any CPU.Build.0 = Debug|Any CPU
		{E4992699-B0DC-4C46-B4B2-39D06C1BC5E3}.Release|Any CPU.ActiveCfg = Release|Any CPU
		{E4992699-B0DC-4C46-B4B2-39D06C1BC5E3}.Release|Any CPU.Build.0 = Release|Any CPU
		{1201FEFF-69FC-4720-8B03-059697B41ED3}.Debug|Any CPU.ActiveCfg = Debug|Any CPU
		{1201FEFF-69FC-4720-8B03-059697B41ED3}.Debug|Any CPU.Build.0 = Debug|Any CPU
		{1201FEFF-69FC-4720-8B03-059697B41ED3}.Release|Any CPU.ActiveCfg = Release|Any CPU
		{1201FEFF-69FC-4720-8B03-059697B41ED3}.Release|Any CPU.Build.0 = Release|Any CPU
		{D32A8723-1043-40B4-9ABE-84D6AC33918D}.Debug|Any CPU.ActiveCfg = Debug|Any CPU
		{D32A8723-1043-40B4-9ABE-84D6AC33918D}.Debug|Any CPU.Build.0 = Debug|Any CPU
		{D32A8723-1043-40B4-9ABE-84D6AC33918D}.Release|Any CPU.ActiveCfg = Release|Any CPU
		{D32A8723-1043-40B4-9ABE-84D6AC33918D}.Release|Any CPU.Build.0 = Release|Any CPU
		{EB42863F-8448-46BE-8FE1-4E39FD68F794}.Debug|Any CPU.ActiveCfg = Debug|Any CPU
		{EB42863F-8448-46BE-8FE1-4E39FD68F794}.Debug|Any CPU.Build.0 = Debug|Any CPU
		{EB42863F-8448-46BE-8FE1-4E39FD68F794}.Release|Any CPU.ActiveCfg = Release|Any CPU
		{EB42863F-8448-46BE-8FE1-4E39FD68F794}.Release|Any CPU.Build.0 = Release|Any CPU
	EndGlobalSection
	GlobalSection(SolutionProperties) = preSolution
		HideSolutionNode = FALSE
	EndGlobalSection
EndGlobal
